
Microsoft Visual Studio Solution File, Format Version 12.00
# Visual Studio Version 17
VisualStudioVersion = 17.3.32922.545
MinimumVisualStudioVersion = 10.0.40219.1
Project("{FAE04EC0-301F-11D3-BF4B-00C04F79EFBC}") = "CustomList", "CustomList\CustomList.csproj", "{A6A3F237-85A3-4930-9C95-6ACB4D9A81A5}"
EndProject
Global
	GlobalSection(SolutionConfigurationPlatforms) = preSolution
		Debug|Any CPU = Debug|Any CPU
		Release|Any CPU = Release|Any CPU
	EndGlobalSection
	GlobalSection(ProjectConfigurationPlatforms) = postSolution
		{A6A3F237-85A3-4930-9C95-6ACB4D9A81A5}.Debug|Any CPU.ActiveCfg = Debug|Any CPU
		{A6A3F237-85A3-4930-9C95-6ACB4D9A81A5}.Debug|Any CPU.Build.0 = Debug|Any CPU
		{A6A3F237-85A3-4930-9C95-6ACB4D9A81A5}.Release|Any CPU.ActiveCfg = Release|Any CPU
		{A6A3F237-85A3-4930-9C95-6ACB4D9A81A5}.Release|Any CPU.Build.0 = Release|Any CPU
	EndGlobalSection
	GlobalSection(SolutionProperties) = preSolution
		HideSolutionNode = FALSE
	EndGlobalSection
	GlobalSection(ExtensibilityGlobals) = postSolution
		SolutionGuid = {94398B1F-DF9E-4DF7-9312-85A93053799B}
	EndGlobalSection
EndGlobal
